{"version":4,"terraform_version":"1.10.2","serial":1,"lineage":"da58a492-0290-58b3-91f8-971c833a7868","outputs":{},"resources":[{"mode":"data","type":"aws_ami","name":"ubuntu","provider":"provider[\"registry.opentofu.org/hashicorp/aws\"]","instances":[{"schema_version":0,"attributes":{"allow_unsafe_filter":null,"architecture":"x86_64","arn":"arn:aws:ec2:ap-south-1::image/ami-06cc5ebfb8571a147","block_device_mappings":[{"device_name":"/dev/sda1","ebs":{"delete_on_termination":"true","encrypted":"false","iops":"0","snapshot_id":"snap-00ceaac6accfcd698","throughput":"0","volume_initialization_rate":"0","volume_size":"8","volume_type":"gp2"},"no_device":"","virtual_name":""},{"device_name":"/dev/sdb","ebs":{},"no_device":"","virtual_name":"ephemeral0"},{"device_name":"/dev/sdc","ebs":{},"no_device":"","virtual_name":"ephemeral1"}],"boot_mode":"legacy-bios","creation_date":"2025-06-25T05:32:35.000Z","deprecation_time":"2027-06-25T05:32:35.000Z","description":"Canonical, Ubuntu, 20.04, amd64 focal image","ena_support":true,"executable_users":null,"filter":[{"name":"name","values":["ubuntu/images/hvm-ssd/ubuntu-focal-20.04-amd64-server-*"]},{"name":"virtualization-type","values":["hvm"]}],"hypervisor":"xen","id":"ami-06cc5ebfb8571a147","image_id":"ami-06cc5ebfb8571a147","image_location":"amazon/ubuntu/images/hvm-ssd/ubuntu-focal-20.04-amd64-server-20250624","image_owner_alias":"amazon","image_type":"machine","imds_support":"","include_deprecated":false,"kernel_id":"","last_launched_time":"","most_recent":true,"name":"ubuntu/images/hvm-ssd/ubuntu-focal-20.04-amd64-server-20250624","name_regex":null,"owner_id":"099720109477","owners":["099720109477"],"platform":"","platform_details":"Linux/UNIX","product_codes":[],"public":true,"ramdisk_id":"","region":"ap-south-1","root_device_name":"/dev/sda1","root_device_type":"ebs","root_snapshot_id":"snap-00ceaac6accfcd698","sriov_net_support":"simple","state":"available","state_reason":{"code":"UNSET","message":"UNSET"},"tags":{},"timeouts":null,"tpm_support":"","uefi_data":null,"usage_operation":"RunInstances","virtualization_type":"hvm"},"sensitive_attributes":[]}]},{"mode":"data","type":"aws_subnets","name":"default","provider":"provider[\"registry.opentofu.org/hashicorp/aws\"]","instances":[{"schema_version":0,"attributes":{"filter":[{"name":"vpc-id","values":["vpc-031248f0fc9304f92"]}],"id":"ap-south-1","ids":["subnet-011e9b702fd9a427d","subnet-00af54bb5c67be010","subnet-0ab5bda73fe084b87"],"region":"ap-south-1","tags":null,"timeouts":null},"sensitive_attributes":[]}]},{"mode":"data","type":"aws_vpc","name":"default","provider":"provider[\"registry.opentofu.org/hashicorp/aws\"]","instances":[{"schema_version":0,"attributes":{"arn":"arn:aws:ec2:ap-south-1:339712789616:vpc/vpc-031248f0fc9304f92","cidr_block":"172.31.0.0/16","cidr_block_associations":[{"association_id":"vpc-cidr-assoc-0a9c298b41fed6af6","cidr_block":"172.31.0.0/16","state":"associated"}],"default":true,"dhcp_options_id":"dopt-02fe39d4e67ea2d95","enable_dns_hostnames":true,"enable_dns_support":true,"enable_network_address_usage_metrics":false,"filter":null,"id":"vpc-031248f0fc9304f92","instance_tenancy":"default","ipv6_association_id":"","ipv6_cidr_block":"","main_route_table_id":"rtb-02acf14963393e106","owner_id":"339712789616","region":"ap-south-1","state":null,"tags":{},"timeouts":null},"sensitive_attributes":[]}]},{"mode":"managed","type":"aws_instance","name":"hello_world","provider":"provider[\"registry.opentofu.org/hashicorp/aws\"]","instances":[{"schema_version":2,"attributes":{"ami":"ami-06cc5ebfb8571a147","arn":"arn:aws:ec2:ap-south-1:339712789616:instance/i-02fbbbc217fc9d88f","associate_public_ip_address":true,"availability_zone":"ap-south-1a","capacity_reservation_specification":[{"capacity_reservation_preference":"open","capacity_reservation_target":[]}],"cpu_options":[{"amd_sev_snp":"","core_count":1,"threads_per_core":2}],"credit_specification":[{"cpu_credits":"unlimited"}],"disable_api_stop":false,"disable_api_termination":false,"ebs_block_device":[],"ebs_optimized":false,"enable_primary_ipv6":null,"enclave_options":[{"enabled":false}],"ephemeral_block_device":[],"get_password_data":false,"hibernation":false,"host_id":"","host_resource_group_arn":null,"iam_instance_profile":"","id":"i-02fbbbc217fc9d88f","instance_initiated_shutdown_behavior":"stop","instance_lifecycle":"","instance_market_options":[],"instance_state":"running","instance_type":"t3.micro","ipv6_address_count":0,"ipv6_addresses":[],"key_name":"","launch_template":[],"maintenance_options":[{"auto_recovery":"default"}],"metadata_options":[{"http_endpoint":"enabled","http_protocol_ipv6":"disabled","http_put_response_hop_limit":1,"http_tokens":"optional","instance_metadata_tags":"disabled"}],"monitoring":false,"network_interface":[],"outpost_arn":"","password_data":"","placement_group":"","placement_partition_number":0,"primary_network_interface_id":"eni-0f74b9fdfd2102783","private_dns":"ip-172-31-37-164.ap-south-1.compute.internal","private_dns_name_options":[{"enable_resource_name_dns_a_record":false,"enable_resource_name_dns_aaaa_record":false,"hostname_type":"ip-name"}],"private_ip":"172.31.37.164","public_dns":"ec2-3-110-62-64.ap-south-1.compute.amazonaws.com","public_ip":"3.110.62.64","region":"ap-south-1","root_block_device":[{"delete_on_termination":true,"device_name":"/dev/sda1","encrypted":false,"iops":100,"kms_key_id":"","tags":{},"tags_all":{},"throughput":0,"volume_id":"vol-071b04c4b3a0a8f72","volume_size":8,"volume_type":"gp2"}],"secondary_private_ips":[],"security_groups":["default"],"source_dest_check":true,"spot_instance_request_id":"","subnet_id":"subnet-011e9b702fd9a427d","tags":null,"tags_all":{},"tenancy":"default","timeouts":null,"user_data":null,"user_data_base64":null,"user_data_replace_on_change":false,"volume_tags":null,"vpc_security_group_ids":["sg-0161495dd09f19fbc"]},"sensitive_attributes":[],"private":"eyJlMmJmYjczMC1lY2FhLTExZTYtOGY4OC0zNDM2M2JjN2M0YzAiOnsiY3JlYXRlIjo2MDAwMDAwMDAwMDAsImRlbGV0ZSI6MTIwMDAwMDAwMDAwMCwicmVhZCI6OTAwMDAwMDAwMDAwLCJ1cGRhdGUiOjYwMDAwMDAwMDAwMH0sInNjaGVtYV92ZXJzaW9uIjoiMiJ9","dependencies":["data.aws_ami.ubuntu","data.aws_subnets.default","data.aws_vpc.default"]}]}],"check_results":null}
